
Microsoft Visual Studio Solution File, Format Version 12.00
# Visual Studio Version 16
VisualStudioVersion = 16.0.29424.173
MinimumVisualStudioVersion = 10.0.40219.1
Project("{2150E333-8FDC-42A3-9474-1A3956D46DE8}") = "src", "src", "{3CB681C0-51F0-4E1C-B2C5-6EEFF358D2EF}"
EndProject
Project("{9A19103F-16F7-4668-BE54-9A1E7A4F7556}") = "IntelligentPlant.BackgroundTasks", "src\IntelligentPlant.BackgroundTasks\IntelligentPlant.BackgroundTasks.csproj", "{3F0CC8D8-2E64-4BAB-ABAC-92F69B947AA3}"
EndProject
Project("{9A19103F-16F7-4668-BE54-9A1E7A4F7556}") = "IntelligentPlant.BackgroundTasks.AspNetCore", "src\IntelligentPlant.BackgroundTasks.AspNetCore\IntelligentPlant.BackgroundTasks.AspNetCore.csproj", "{59BE620A-0FEB-41C8-992A-C8D860B003A0}"
EndProject
Project("{2150E333-8FDC-42A3-9474-1A3956D46DE8}") = "common", "common", "{447F1085-FAF3-43A6-970A-4FC9EE8085FF}"
	ProjectSection(SolutionItems) = preProject
		.editorconfig = .editorconfig
		.gitattributes = .gitattributes
		.gitignore = .gitignore
		build.cake = build.cake
		build.ps1 = build.ps1
		Directory.Build.props = Directory.Build.props
		Directory.Build.targets = Directory.Build.targets
		LICENSE = LICENSE
		README.md = README.md
	EndProjectSection
EndProject
Project("{2150E333-8FDC-42A3-9474-1A3956D46DE8}") = "examples", "examples", "{39CA7941-627C-42BA-A8C0-1454D01AA2EA}"
EndProject
Project("{9A19103F-16F7-4668-BE54-9A1E7A4F7556}") = "IntelligentPlant.BackgroundTasks.ExampleApp", "examples\IntelligentPlant.BackgroundTasks.ExampleApp\IntelligentPlant.BackgroundTasks.ExampleApp.csproj", "{38A0717B-2107-400C-BF1E-61426F7C856F}"
EndProject
Project("{2150E333-8FDC-42A3-9474-1A3956D46DE8}") = "tests", "tests", "{6DC775D5-B084-4215-A680-BACDD7F90523}"
EndProject
Project("{9A19103F-16F7-4668-BE54-9A1E7A4F7556}") = "IntelligentPlant.BackgroundTasks.Tests", "tests\IntelligentPlant.BackgroundTasks.Tests\IntelligentPlant.BackgroundTasks.Tests.csproj", "{A6CD8E2A-3907-4D0E-91E2-FF1EC8B6DCEC}"
EndProject
Project("{2150E333-8FDC-42A3-9474-1A3956D46DE8}") = "build", "build", "{7CC55D6F-17E8-4127-AD84-19CE3E0CDBF6}"
	ProjectSection(SolutionItems) = preProject
		build\build-state.cake = build\build-state.cake
		build\build-utilities.cake = build\build-utilities.cake
		build\version.json = build\version.json
	EndProjectSection
EndProject
Project("{9A19103F-16F7-4668-BE54-9A1E7A4F7556}") = "IntelligentPlant.BackgroundTasks.DependencyInjection", "src\IntelligentPlant.BackgroundTasks.DependencyInjection\IntelligentPlant.BackgroundTasks.DependencyInjection.csproj", "{247B7055-F26D-4F0B-9729-9B04C03D12A5}"
EndProject
Project("{FAE04EC0-301F-11D3-BF4B-00C04F79EFBC}") = "IntelligentPlant.BackgroundTasks.AspNet", "src\IntelligentPlant.BackgroundTasks.AspNet\IntelligentPlant.BackgroundTasks.AspNet.csproj", "{0CD7ED26-3D2F-49FC-B6F7-A53629A2C806}"
EndProject
Project("{FAE04EC0-301F-11D3-BF4B-00C04F79EFBC}") = "ExampleAspNetApp", "examples\ExampleAspNetApp\ExampleAspNetApp.csproj", "{5C822D92-F23C-4BB7-80AC-42C1BC179E06}"
EndProject
Global
	GlobalSection(SolutionConfigurationPlatforms) = preSolution
		Debug|Any CPU = Debug|Any CPU
		Release|Any CPU = Release|Any CPU
	EndGlobalSection
	GlobalSection(ProjectConfigurationPlatforms) = postSolution
		{3F0CC8D8-2E64-4BAB-ABAC-92F69B947AA3}.Debug|Any CPU.ActiveCfg = Debug|Any CPU
		{3F0CC8D8-2E64-4BAB-ABAC-92F69B947AA3}.Debug|Any CPU.Build.0 = Debug|Any CPU
		{3F0CC8D8-2E64-4BAB-ABAC-92F69B947AA3}.Release|Any CPU.ActiveCfg = Release|Any CPU
		{3F0CC8D8-2E64-4BAB-ABAC-92F69B947AA3}.Release|Any CPU.Build.0 = Release|Any CPU
		{59BE620A-0FEB-41C8-992A-C8D860B003A0}.Debug|Any CPU.ActiveCfg = Debug|Any CPU
		{59BE620A-0FEB-41C8-992A-C8D860B003A0}.Debug|Any CPU.Build.0 = Debug|Any CPU
		{59BE620A-0FEB-41C8-992A-C8D860B003A0}.Release|Any CPU.ActiveCfg = Release|Any CPU
		{59BE620A-0FEB-41C8-992A-C8D860B003A0}.Release|Any CPU.Build.0 = Release|Any CPU
		{38A0717B-2107-400C-BF1E-61426F7C856F}.Debug|Any CPU.ActiveCfg = Debug|Any CPU
		{38A0717B-2107-400C-BF1E-61426F7C856F}.Debug|Any CPU.Build.0 = Debug|Any CPU
		{38A0717B-2107-400C-BF1E-61426F7C856F}.Release|Any CPU.ActiveCfg = Release|Any CPU
		{38A0717B-2107-400C-BF1E-61426F7C856F}.Release|Any CPU.Build.0 = Release|Any CPU
		{A6CD8E2A-3907-4D0E-91E2-FF1EC8B6DCEC}.Debug|Any CPU.ActiveCfg = Debug|Any CPU
		{A6CD8E2A-3907-4D0E-91E2-FF1EC8B6DCEC}.Debug|Any CPU.Build.0 = Debug|Any CPU
		{A6CD8E2A-3907-4D0E-91E2-FF1EC8B6DCEC}.Release|Any CPU.ActiveCfg = Release|Any CPU
		{A6CD8E2A-3907-4D0E-91E2-FF1EC8B6DCEC}.Release|Any CPU.Build.0 = Release|Any CPU
		{247B7055-F26D-4F0B-9729-9B04C03D12A5}.Debug|Any CPU.ActiveCfg = Debug|Any CPU
		{247B7055-F26D-4F0B-9729-9B04C03D12A5}.Debug|Any CPU.Build.0 = Debug|Any CPU
		{247B7055-F26D-4F0B-9729-9B04C03D12A5}.Release|Any CPU.ActiveCfg = Release|Any CPU
		{247B7055-F26D-4F0B-9729-9B04C03D12A5}.Release|Any CPU.Build.0 = Release|Any CPU
		{0CD7ED26-3D2F-49FC-B6F7-A53629A2C806}.Debug|Any CPU.ActiveCfg = Debug|Any CPU
		{0CD7ED26-3D2F-49FC-B6F7-A53629A2C806}.Debug|Any CPU.Build.0 = Debug|Any CPU
		{0CD7ED26-3D2F-49FC-B6F7-A53629A2C806}.Release|Any CPU.ActiveCfg = Release|Any CPU
		{0CD7ED26-3D2F-49FC-B6F7-A53629A2C806}.Release|Any CPU.Build.0 = Release|Any CPU
		{5C822D92-F23C-4BB7-80AC-42C1BC179E06}.Debug|Any CPU.ActiveCfg = Debug|Any CPU
		{5C822D92-F23C-4BB7-80AC-42C1BC179E06}.Debug|Any CPU.Build.0 = Debug|Any CPU
		{5C822D92-F23C-4BB7-80AC-42C1BC179E06}.Release|Any CPU.ActiveCfg = Release|Any CPU
		{5C822D92-F23C-4BB7-80AC-42C1BC179E06}.Release|Any CPU.Build.0 = Release|Any CPU
	EndGlobalSection
	GlobalSection(SolutionProperties) = preSolution
		HideSolutionNode = FALSE
	EndGlobalSection
	GlobalSection(NestedProjects) = preSolution
		{3F0CC8D8-2E64-4BAB-ABAC-92F69B947AA3} = {3CB681C0-51F0-4E1C-B2C5-6EEFF358D2EF}
		{59BE620A-0FEB-41C8-992A-C8D860B003A0} = {3CB681C0-51F0-4E1C-B2C5-6EEFF358D2EF}
		{38A0717B-2107-400C-BF1E-61426F7C856F} = {39CA7941-627C-42BA-A8C0-1454D01AA2EA}
		{A6CD8E2A-3907-4D0E-91E2-FF1EC8B6DCEC} = {6DC775D5-B084-4215-A680-BACDD7F90523}
		{247B7055-F26D-4F0B-9729-9B04C03D12A5} = {3CB681C0-51F0-4E1C-B2C5-6EEFF358D2EF}
		{0CD7ED26-3D2F-49FC-B6F7-A53629A2C806} = {3CB681C0-51F0-4E1C-B2C5-6EEFF358D2EF}
		{5C822D92-F23C-4BB7-80AC-42C1BC179E06} = {39CA7941-627C-42BA-A8C0-1454D01AA2EA}
	EndGlobalSection
	GlobalSection(ExtensibilityGlobals) = postSolution
		SolutionGuid = {E93F7E4D-A117-4B72-9562-E3CCAE7C0CD2}
	EndGlobalSection
EndGlobal
